
Microsoft Visual Studio Solution File, Format Version 12.00
# Visual Studio Version 17
VisualStudioVersion = 17.11.35327.3
MinimumVisualStudioVersion = 10.0.40219.1
Project("{9A19103F-16F7-4668-BE54-9A1E7A4F7556}") = "QuickServeAPP", "QuickServeAPP.csproj", "{48E516B3-0577-4B53-9C3C-8E6CF176374A}"
EndProject
Global
	GlobalSection(SolutionConfigurationPlatforms) = preSolution
		Debug|Any CPU = Debug|Any CPU
		Release|Any CPU = Release|Any CPU
	EndGlobalSection
	GlobalSection(ProjectConfigurationPlatforms) = postSolution
		{48E516B3-0577-4B53-9C3C-8E6CF176374A}.Debug|Any CPU.ActiveCfg = Debug|Any CPU
		{48E516B3-0577-4B53-9C3C-8E6CF176374A}.Debug|Any CPU.Build.0 = Debug|Any CPU
		{48E516B3-0577-4B53-9C3C-8E6CF176374A}.Release|Any CPU.ActiveCfg = Release|Any CPU
		{48E516B3-0577-4B53-9C3C-8E6CF176374A}.Release|Any CPU.Build.0 = Release|Any CPU
	EndGlobalSection
	GlobalSection(SolutionProperties) = preSolution
		HideSolutionNode = FALSE
	EndGlobalSection
	GlobalSection(ExtensibilityGlobals) = postSolution
		SolutionGuid = {05DED4A9-71F4-4171-9FA1-843FC6D3563A}
	EndGlobalSection
EndGlobal
